
Microsoft Visual Studio Solution File, Format Version 12.00
# Visual Studio Version 17
VisualStudioVersion = 17.8.34511.84
MinimumVisualStudioVersion = 10.0.40219.1
Project("{FAE04EC0-301F-11D3-BF4B-00C04F79EFBC}") = "CarRental", "CarRental\CarRental.csproj", "{1708AF7E-F21B-47A1-AA7C-5FBEFFCE2677}"
EndProject
Global
	GlobalSection(SolutionConfigurationPlatforms) = preSolution
		Debug|Any CPU = Debug|Any CPU
		Release|Any CPU = Release|Any CPU
	EndGlobalSection
	GlobalSection(ProjectConfigurationPlatforms) = postSolution
		{1708AF7E-F21B-47A1-AA7C-5FBEFFCE2677}.Debug|Any CPU.ActiveCfg = Debug|Any CPU
		{1708AF7E-F21B-47A1-AA7C-5FBEFFCE2677}.Debug|Any CPU.Build.0 = Debug|Any CPU
		{1708AF7E-F21B-47A1-AA7C-5FBEFFCE2677}.Release|Any CPU.ActiveCfg = Release|Any CPU
		{1708AF7E-F21B-47A1-AA7C-5FBEFFCE2677}.Release|Any CPU.Build.0 = Release|Any CPU
	EndGlobalSection
	GlobalSection(SolutionProperties) = preSolution
		HideSolutionNode = FALSE
	EndGlobalSection
	GlobalSection(ExtensibilityGlobals) = postSolution
		SolutionGuid = {27B54D3C-C4F0-44C5-AE8B-DF78A3614C39}
	EndGlobalSection
EndGlobal
